
Microsoft Visual Studio Solution File, Format Version 12.00
# Visual Studio Version 17
VisualStudioVersion = 17.1.32328.378
MinimumVisualStudioVersion = 10.0.40219.1
Project("{9A19103F-16F7-4668-BE54-9A1E7A4F7556}") = "Dungeon", "Dungeion\Dungeon.csproj", "{058431B8-1A4B-48D0-9551-94FB94818DE8}"
EndProject
Project("{9A19103F-16F7-4668-BE54-9A1E7A4F7556}") = "DungeonLibrary", "DungeonLibrary\DungeonLibrary.csproj", "{EC2B1AFF-510A-4677-99BC-B362ED7B0323}"
EndProject
Global
	GlobalSection(SolutionConfigurationPlatforms) = preSolution
		Debug|Any CPU = Debug|Any CPU
		Release|Any CPU = Release|Any CPU
	EndGlobalSection
	GlobalSection(ProjectConfigurationPlatforms) = postSolution
		{058431B8-1A4B-48D0-9551-94FB94818DE8}.Debug|Any CPU.ActiveCfg = Debug|Any CPU
		{058431B8-1A4B-48D0-9551-94FB94818DE8}.Debug|Any CPU.Build.0 = Debug|Any CPU
		{058431B8-1A4B-48D0-9551-94FB94818DE8}.Release|Any CPU.ActiveCfg = Release|Any CPU
		{058431B8-1A4B-48D0-9551-94FB94818DE8}.Release|Any CPU.Build.0 = Release|Any CPU
		{EC2B1AFF-510A-4677-99BC-B362ED7B0323}.Debug|Any CPU.ActiveCfg = Debug|Any CPU
		{EC2B1AFF-510A-4677-99BC-B362ED7B0323}.Debug|Any CPU.Build.0 = Debug|Any CPU
		{EC2B1AFF-510A-4677-99BC-B362ED7B0323}.Release|Any CPU.ActiveCfg = Release|Any CPU
		{EC2B1AFF-510A-4677-99BC-B362ED7B0323}.Release|Any CPU.Build.0 = Release|Any CPU
	EndGlobalSection
	GlobalSection(SolutionProperties) = preSolution
		HideSolutionNode = FALSE
	EndGlobalSection
	GlobalSection(ExtensibilityGlobals) = postSolution
		SolutionGuid = {A9A403A3-8109-4FA6-A0C3-BBD4AC9A27C7}
	EndGlobalSection
EndGlobal
